// !$*UTF8*$!
{
	archiveVersion = 1;
	classes = {
	};
	objectVersion = 50;
	objects = {

/* Begin PBXBuildFile section */
		13416EE12727026B00D1DDAD /* AppDelegate.swift in Sources */ = {isa = PBXBuildFile; fileRef = 13416EE02727026B00D1DDAD /* AppDelegate.swift */; };
		13416EE32727026B00D1DDAD /* SceneDelegate.swift in Sources */ = {isa = PBXBuildFile; fileRef = 13416EE22727026B00D1DDAD /* SceneDelegate.swift */; };
		13416EE52727026B00D1DDAD /* ViewController.swift in Sources */ = {isa = PBXBuildFile; fileRef = 13416EE42727026B00D1DDAD /* ViewController.swift */; };
		13416EE82727026B00D1DDAD /* Main.storyboard in Resources */ = {isa = PBXBuildFile; fileRef = 13416EE62727026B00D1DDAD /* Main.storyboard */; };
		13416EEA2727026C00D1DDAD /* Assets.xcassets in Resources */ = {isa = PBXBuildFile; fileRef = 13416EE92727026C00D1DDAD /* Assets.xcassets */; };
		13416EED2727026C00D1DDAD /* LaunchScreen.storyboard in Resources */ = {isa = PBXBuildFile; fileRef = 13416EEB2727026C00D1DDAD /* LaunchScreen.storyboard */; };
		13416EF52728321600D1DDAD /* CameraPreviewView.swift in Sources */ = {isa = PBXBuildFile; fileRef = 13416EF42728321600D1DDAD /* CameraPreviewView.swift */; };
		13416EF92728396900D1DDAD /* AppleLICENSE.txt in Resources */ = {isa = PBXBuildFile; fileRef = 13416EF82728396900D1DDAD /* AppleLICENSE.txt */; };
/* End PBXBuildFile section */

/* Begin PBXFileReference section */
		13416EDD2727026B00D1DDAD /* Tremor Camera.app */ = {isa = PBXFileReference; explicitFileType = wrapper.application; includeInIndex = 0; path = "Tremor Camera.app"; sourceTree = BUILT_PRODUCTS_DIR; };
		13416EE02727026B00D1DDAD /* AppDelegate.swift */ = {isa = PBXFileReference; lastKnownFileType = sourcecode.swift; path = AppDelegate.swift; sourceTree = "<group>"; };
		13416EE22727026B00D1DDAD /* SceneDelegate.swift */ = {isa = PBXFileReference; lastKnownFileType = sourcecode.swift; path = SceneDelegate.swift; sourceTree = "<group>"; };
		13416EE42727026B00D1DDAD /* ViewController.swift */ = {isa = PBXFileReference; lastKnownFileType = sourcecode.swift; path = ViewController.swift; sourceTree = "<group>"; };
		13416EE72727026B00D1DDAD /* Base */ = {isa = PBXFileReference; lastKnownFileType = file.storyboard; name = Base; path = Base.lproj/Main.storyboard; sourceTree = "<group>"; };
		13416EE92727026C00D1DDAD /* Assets.xcassets */ = {isa = PBXFileReference; lastKnownFileType = folder.assetcatalog; path = Assets.xcassets; sourceTree = "<group>"; };
		13416EEC2727026C00D1DDAD /* Base */ = {isa = PBXFileReference; lastKnownFileType = file.storyboard; name = Base; path = Base.lproj/LaunchScreen.storyboard; sourceTree = "<group>"; };
		13416EEE2727026C00D1DDAD /* Info.plist */ = {isa = PBXFileReference; lastKnownFileType = text.plist.xml; path = Info.plist; sourceTree = "<group>"; };
		13416EF42728321600D1DDAD /* CameraPreviewView.swift */ = {isa = PBXFileReference; fileEncoding = 4; lastKnownFileType = sourcecode.swift; path = CameraPreviewView.swift; sourceTree = "<group>"; };
		13416EF82728396900D1DDAD /* AppleLICENSE.txt */ = {isa = PBXFileReference; fileEncoding = 4; lastKnownFileType = text; path = AppleLICENSE.txt; sourceTree = "<group>"; };
/* End PBXFileReference section */

/* Begin PBXFrameworksBuildPhase section */
		13416EDA2727026B00D1DDAD /* Frameworks */ = {
			isa = PBXFrameworksBuildPhase;
			buildActionMask = 2147483647;
			files = (
			);
			runOnlyForDeploymentPostprocessing = 0;
		};
/* End PBXFrameworksBuildPhase section */

/* Begin PBXGroup section */
		13416ED42727026B00D1DDAD = {
			isa = PBXGroup;
			children = (
				13416EDF2727026B00D1DDAD /* Depth Camera */,
				13416EDE2727026B00D1DDAD /* Products */,
			);
			sourceTree = "<group>";
		};
		13416EDE2727026B00D1DDAD /* Products */ = {
			isa = PBXGroup;
			children = (
				13416EDD2727026B00D1DDAD /* Tremor Camera.app */,
			);
			name = Products;
			sourceTree = "<group>";
		};
		13416EDF2727026B00D1DDAD /* Depth Camera */ = {
			isa = PBXGroup;
			children = (
				13416EF82728396900D1DDAD /* AppleLICENSE.txt */,
				13416EE02727026B00D1DDAD /* AppDelegate.swift */,
				13416EE22727026B00D1DDAD /* SceneDelegate.swift */,
				13416EE42727026B00D1DDAD /* ViewController.swift */,
				13416EF42728321600D1DDAD /* CameraPreviewView.swift */,
				13416EE62727026B00D1DDAD /* Main.storyboard */,
				13416EE92727026C00D1DDAD /* Assets.xcassets */,
				13416EEB2727026C00D1DDAD /* LaunchScreen.storyboard */,
				13416EEE2727026C00D1DDAD /* Info.plist */,
			);
			path = "Depth Camera";
			sourceTree = "<group>";
		};
/* End PBXGroup section */

/* Begin PBXNativeTarget section */
		13416EDC2727026B00D1DDAD /* Depth Camera */ = {
			isa = PBXNativeTarget;
			buildConfigurationList = 13416EF12727026C00D1DDAD /* Build configuration list for PBXNativeTarget "Depth Camera" */;
			buildPhases = (
				13416ED92727026B00D1DDAD /* Sources */,
				13416EDA2727026B00D1DDAD /* Frameworks */,
				13416EDB2727026B00D1DDAD /* Resources */,
			);
			buildRules = (
			);
			dependencies = (
			);
			name = "Depth Camera";
			productName = TremorCamera;
			productReference = 13416EDD2727026B00D1DDAD /* Tremor Camera.app */;
			productType = "com.apple.product-type.application";
		};
/* End PBXNativeTarget section */

/* Begin PBXProject section */
		13416ED52727026B00D1DDAD /* Project object */ = {
			isa = PBXProject;
			attributes = {
				LastSwiftUpdateCheck = 1150;
				LastUpgradeCheck = 1320;
				ORGANIZATIONNAME = "James Bungay";
				TargetAttributes = {
					13416EDC2727026B00D1DDAD = {
						CreatedOnToolsVersion = 11.5;
					};
				};
			};
			buildConfigurationList = 13416ED82727026B00D1DDAD /* Build configuration list for PBXProject "Depth Camera" */;
			compatibilityVersion = "Xcode 9.3";
			developmentRegion = en;
			hasScannedForEncodings = 0;
			knownRegions = (
				en,
				Base,
			);
			mainGroup = 13416ED42727026B00D1DDAD;
			productRefGroup = 13416EDE2727026B00D1DDAD /* Products */;
			projectDirPath = "";
			projectRoot = "";
			targets = (
				13416EDC2727026B00D1DDAD /* Depth Camera */,
			);
		};
/* End PBXProject section */

/* Begin PBXResourcesBuildPhase section */
		13416EDB2727026B00D1DDAD /* Resources */ = {
			isa = PBXResourcesBuildPhase;
			buildActionMask = 2147483647;
			files = (
				13416EED2727026C00D1DDAD /* LaunchScreen.storyboard in Resources */,
				13416EF92728396900D1DDAD /* AppleLICENSE.txt in Resources */,
				13416EEA2727026C00D1DDAD /* Assets.xcassets in Resources */,
				13416EE82727026B00D1DDAD /* Main.storyboard in Resources */,
			);
			runOnlyForDeploymentPostprocessing = 0;
		};
/* End PBXResourcesBuildPhase section */

/* Begin PBXSourcesBuildPhase section */
		13416ED92727026B00D1DDAD /* Sources */ = {
			isa = PBXSourcesBuildPhase;
			buildActionMask = 2147483647;
			files = (
				13416EF52728321600D1DDAD /* CameraPreviewView.swift in Sources */,
				13416EE52727026B00D1DDAD /* ViewController.swift in Sources */,
				13416EE12727026B00D1DDAD /* AppDelegate.swift in Sources */,
				13416EE32727026B00D1DDAD /* SceneDelegate.swift in Sources */,
			);
			runOnlyForDeploymentPostprocessing = 0;
		};
/* End PBXSourcesBuildPhase section */

/* Begin PBXVariantGroup section */
		13416EE62727026B00D1DDAD /* Main.storyboard */ = {
			isa = PBXVariantGroup;
			children = (
				13416EE72727026B00D1DDAD /* Base */,
			);
			name = Main.storyboard;
			sourceTree = "<group>";
		};
		13416EEB2727026C00D1DDAD /* LaunchScreen.storyboard */ = {
			isa = PBXVariantGroup;
			children = (
				13416EEC2727026C00D1DDAD /* Base */,
			);
			name = LaunchScreen.storyboard;
			sourceTree = "<group>";
		};
/* End PBXVariantGroup section */

/* Begin XCBuildConfiguration section */
		13416EEF2727026C00D1DDAD /* Debug */ = {
			isa = XCBuildConfiguration;
			buildSettings = {
				ALWAYS_SEARCH_USER_PATHS = NO;
				CLANG_ANALYZER_NONNULL = YES;
				CLANG_ANALYZER_NUMBER_OBJECT_CONVERSION = YES_AGGRESSIVE;
				CLANG_CXX_LANGUAGE_STANDARD = "gnu++14";
				CLANG_CXX_LIBRARY = "libc++";
				CLANG_ENABLE_MODULES = YES;
				CLANG_ENABLE_OBJC_ARC = YES;
				CLANG_ENABLE_OBJC_WEAK = YES;
				CLANG_WARN_BLOCK_CAPTURE_AUTORELEASING = YES;
				CLANG_WARN_BOOL_CONVERSION = YES;
				CLANG_WARN_COMMA = YES;
				CLANG_WARN_CONSTANT_CONVERSION = YES;
				CLANG_WARN_DEPRECATED_OBJC_IMPLEMENTATIONS = YES;
				CLANG_WARN_DIRECT_OBJC_ISA_USAGE = YES_ERROR;
				CLANG_WARN_DOCUMENTATION_COMMENTS = YES;
				CLANG_WARN_EMPTY_BODY = YES;
				CLANG_WARN_ENUM_CONVERSION = YES;
				CLANG_WARN_INFINITE_RECURSION = YES;
				CLANG_WARN_INT_CONVERSION = YES;
				CLANG_WARN_NON_LITERAL_NULL_CONVERSION = YES;
				CLANG_WARN_OBJC_IMPLICIT_RETAIN_SELF = YES;
				CLANG_WARN_OBJC_LITERAL_CONVERSION = YES;
				CLANG_WARN_OBJC_ROOT_CLASS = YES_ERROR;
				CLANG_WARN_QUOTED_INCLUDE_IN_FRAMEWORK_HEADER = YES;
				CLANG_WARN_RANGE_LOOP_ANALYSIS = YES;
				CLANG_WARN_STRICT_PROTOTYPES = YES;
				CLANG_WARN_SUSPICIOUS_MOVE = YES;
				CLANG_WARN_UNGUARDED_AVAILABILITY = YES_AGGRESSIVE;
				CLANG_WARN_UNREACHABLE_CODE = YES;
				CLANG_WARN__DUPLICATE_METHOD_MATCH = YES;
				COPY_PHASE_STRIP = NO;
				DEBUG_INFORMATION_FORMAT = dwarf;
				ENABLE_STRICT_OBJC_MSGSEND = YES;
				ENABLE_TESTABILITY = YES;
				GCC_C_LANGUAGE_STANDARD = gnu11;
				GCC_DYNAMIC_NO_PIC = NO;
				GCC_NO_COMMON_BLOCKS = YES;
				GCC_OPTIMIZATION_LEVEL = 0;
				GCC_PREPROCESSOR_DEFINITIONS = (
					"DEBUG=1",
					"$(inherited)",
				);
				GCC_WARN_64_TO_32_BIT_CONVERSION = YES;
				GCC_WARN_ABOUT_RETURN_TYPE = YES_ERROR;
				GCC_WARN_UNDECLARED_SELECTOR = YES;
				GCC_WARN_UNINITIALIZED_AUTOS = YES_AGGRESSIVE;
				GCC_WARN_UNUSED_FUNCTION = YES;
				GCC_WARN_UNUSED_VARIABLE = YES;
				IPHONEOS_DEPLOYMENT_TARGET = 14.0;
				MTL_ENABLE_DEBUG_INFO = INCLUDE_SOURCE;
				MTL_FAST_MATH = YES;
				ONLY_ACTIVE_ARCH = YES;
				SDKROOT = iphoneos;
				SWIFT_ACTIVE_COMPILATION_CONDITIONS = DEBUG;
				SWIFT_OPTIMIZATION_LEVEL = "-Onone";
			};
			name = Debug;
		};
		13416EF02727026C00D1DDAD /* Release */ = {
			isa = XCBuildConfiguration;
			buildSettings = {
				ALWAYS_SEARCH_USER_PATHS = NO;
				CLANG_ANALYZER_NONNULL = YES;
				CLANG_ANALYZER_NUMBER_OBJECT_CONVERSION = YES_AGGRESSIVE;
				CLANG_CXX_LANGUAGE_STANDARD = "gnu++14";
				CLANG_CXX_LIBRARY = "libc++";
				CLANG_ENABLE_MODULES = YES;
				CLANG_ENABLE_OBJC_ARC = YES;
				CLANG_ENABLE_OBJC_WEAK = YES;
				CLANG_WARN_BLOCK_CAPTURE_AUTORELEASING = YES;
				CLANG_WARN_BOOL_CONVERSION = YES;
				CLANG_WARN_COMMA = YES;
				CLANG_WARN_CONSTANT_CONVERSION = YES;
				CLANG_WARN_DEPRECATED_OBJC_IMPLEMENTATIONS = YES;
				CLANG_WARN_DIRECT_OBJC_ISA_USAGE = YES_ERROR;
				CLANG_WARN_DOCUMENTATION_COMMENTS = YES;
				CLANG_WARN_EMPTY_BODY = YES;
				CLANG_WARN_ENUM_CONVERSION = YES;
				CLANG_WARN_INFINITE_RECURSION = YES;
				CLANG_WARN_INT_CONVERSION = YES;
				CLANG_WARN_NON_LITERAL_NULL_CONVERSION = YES;
				CLANG_WARN_OBJC_IMPLICIT_RETAIN_SELF = YES;
				CLANG_WARN_OBJC_LITERAL_CONVERSION = YES;
				CLANG_WARN_OBJC_ROOT_CLASS = YES_ERROR;
				CLANG_WARN_QUOTED_INCLUDE_IN_FRAMEWORK_HEADER = YES;
				CLANG_WARN_RANGE_LOOP_ANALYSIS = YES;
				CLANG_WARN_STRICT_PROTOTYPES = YES;
				CLANG_WARN_SUSPICIOUS_MOVE = YES;
				CLANG_WARN_UNGUARDED_AVAILABILITY = YES_AGGRESSIVE;
				CLANG_WARN_UNREACHABLE_CODE = YES;
				CLANG_WARN__DUPLICATE_METHOD_MATCH = YES;
				COPY_PHASE_STRIP = NO;
				DEBUG_INFORMATION_FORMAT = "dwarf-with-dsym";
				ENABLE_NS_ASSERTIONS = NO;
				ENABLE_STRICT_OBJC_MSGSEND = YES;
				GCC_C_LANGUAGE_STANDARD = gnu11;
				GCC_NO_COMMON_BLOCKS = YES;
				GCC_WARN_64_TO_32_BIT_CONVERSION = YES;
				GCC_WARN_ABOUT_RETURN_TYPE = YES_ERROR;
				GCC_WARN_UNDECLARED_SELECTOR = YES;
				GCC_WARN_UNINITIALIZED_AUTOS = YES_AGGRESSIVE;
				GCC_WARN_UNUSED_FUNCTION = YES;
				GCC_WARN_UNUSED_VARIABLE = YES;
				IPHONEOS_DEPLOYMENT_TARGET = 14.0;
				MTL_ENABLE_DEBUG_INFO = NO;
				MTL_FAST_MATH = YES;
				SDKROOT = iphoneos;
				SWIFT_COMPILATION_MODE = wholemodule;
				SWIFT_OPTIMIZATION_LEVEL = "-O";
				VALIDATE_PRODUCT = YES;
			};
			name = Release;
		};
		13416EF22727026C00D1DDAD /* Debug */ = {
			isa = XCBuildConfiguration;
			buildSettings = {
				ASSETCATALOG_COMPILER_APPICON_NAME = AppIcon;
				CODE_SIGN_STYLE = Automatic;
				DEVELOPMENT_TEAM = 296TCY3F27;
				INFOPLIST_FILE = "Depth Camera/Info.plist";
				IPHONEOS_DEPLOYMENT_TARGET = 13.0;
				LD_RUNPATH_SEARCH_PATHS = (
					"$(inherited)",
					"@executable_path/Frameworks",
				);
				PRODUCT_BUNDLE_IDENTIFIER = com.jamesbungay.DepthCamera;
				PRODUCT_NAME = "Tremor Camera";
				SWIFT_VERSION = 5.0;
				TARGETED_DEVICE_FAMILY = "1,2";
			};
			name = Debug;
		};
		13416EF32727026C00D1DDAD /* Release */ = {
			isa = XCBuildConfiguration;
			buildSettings = {
				ASSETCATALOG_COMPILER_APPICON_NAME = AppIcon;
				CODE_SIGN_STYLE = Automatic;
				DEVELOPMENT_TEAM = 296TCY3F27;
				INFOPLIST_FILE = "Depth Camera/Info.plist";
				IPHONEOS_DEPLOYMENT_TARGET = 13.0;
				LD_RUNPATH_SEARCH_PATHS = (
					"$(inherited)",
					"@executable_path/Frameworks",
				);
				PRODUCT_BUNDLE_IDENTIFIER = com.jamesbungay.DepthCamera;
				PRODUCT_NAME = "Tremor Camera";
				SWIFT_VERSION = 5.0;
				TARGETED_DEVICE_FAMILY = "1,2";
			};
			name = Release;
		};
/* End XCBuildConfiguration section */

/* Begin XCConfigurationList section */
		13416ED82727026B00D1DDAD /* Build configuration list for PBXProject "Depth Camera" */ = {
			isa = XCConfigurationList;
			buildConfigurations = (
				13416EEF2727026C00D1DDAD /* Debug */,
				13416EF02727026C00D1DDAD /* Release */,
			);
			defaultConfigurationIsVisible = 0;
			defaultConfigurationName = Release;
		};
		13416EF12727026C00D1DDAD /* Build configuration list for PBXNativeTarget "Depth Camera" */ = {
			isa = XCConfigurationList;
			buildConfigurations = (
				13416EF22727026C00D1DDAD /* Debug */,
				13416EF32727026C00D1DDAD /* Release */,
			);
			defaultConfigurationIsVisible = 0;
			defaultConfigurationName = Release;
		};
/* End XCConfigurationList section */
	};
	rootObject = 13416ED52727026B00D1DDAD /* Project object */;
}
